
Microsoft Visual Studio Solution File, Format Version 12.00
# Visual Studio Version 17
VisualStudioVersion = 17.5.002.0
MinimumVisualStudioVersion = 10.0.40219.1
Project("{9A19103F-16F7-4668-BE54-9A1E7A4F7556}") = "Torchsharp-llama", "Torchsharp-llama.csproj", "{87C56370-F6E8-41B1-82E0-97170EA726A6}"
EndProject
Global
	GlobalSection(SolutionConfigurationPlatforms) = preSolution
		Debug|Any CPU = Debug|Any CPU
		Release|Any CPU = Release|Any CPU
	EndGlobalSection
	GlobalSection(ProjectConfigurationPlatforms) = postSolution
		{87C56370-F6E8-41B1-82E0-97170EA726A6}.Debug|Any CPU.ActiveCfg = Debug|Any CPU
		{87C56370-F6E8-41B1-82E0-97170EA726A6}.Debug|Any CPU.Build.0 = Debug|Any CPU
		{87C56370-F6E8-41B1-82E0-97170EA726A6}.Release|Any CPU.ActiveCfg = Release|Any CPU
		{87C56370-F6E8-41B1-82E0-97170EA726A6}.Release|Any CPU.Build.0 = Release|Any CPU
	EndGlobalSection
	GlobalSection(SolutionProperties) = preSolution
		HideSolutionNode = FALSE
	EndGlobalSection
	GlobalSection(ExtensibilityGlobals) = postSolution
		SolutionGuid = {7640C480-F357-44B6-A8A5-D286A7C81175}
	EndGlobalSection
EndGlobal
